
Microsoft Visual Studio Solution File, Format Version 12.00
# Visual Studio 14
VisualStudioVersion = 14.0.23107.0
MinimumVisualStudioVersion = 10.0.40219.1
Project("{FAE04EC0-301F-11D3-BF4B-00C04F79EFBC}") = "Managed.Data", "Managed.Data\Managed.Data.csproj", "{5A571278-BD3E-40D4-92AF-E41FD5EF5E0C}"
EndProject
Project("{FAE04EC0-301F-11D3-BF4B-00C04F79EFBC}") = "Managed.Service", "Managed.Service\Managed.Service.csproj", "{5B978072-3776-4B21-97C6-E2D7EE0AE369}"
EndProject
Project("{FAE04EC0-301F-11D3-BF4B-00C04F79EFBC}") = "BrickHouse.Controls", "BrickHouse.Controls\BrickHouse.Controls.csproj", "{0B6D0A11-071B-43D1-8586-A72A920B4BA3}"
EndProject
Project("{FAE04EC0-301F-11D3-BF4B-00C04F79EFBC}") = "Managed.Utility", "Managed.Utility\Managed.Utility.csproj", "{03D81287-64DE-4B3C-9417-6FEFAE707D0F}"
EndProject
Project("{FAE04EC0-301F-11D3-BF4B-00C04F79EFBC}") = "Managed.Financials.Web", "Managed.Financials.Web\Managed.Financials.Web.csproj", "{C1AA3604-3D2C-4989-B2E2-469353C0D37F}"
EndProject
Global
	GlobalSection(SolutionConfigurationPlatforms) = preSolution
		Debug|Any CPU = Debug|Any CPU
		Debug|x64 = Debug|x64
		Release|Any CPU = Release|Any CPU
		Release|x64 = Release|x64
	EndGlobalSection
	GlobalSection(ProjectConfigurationPlatforms) = postSolution
		{5A571278-BD3E-40D4-92AF-E41FD5EF5E0C}.Debug|Any CPU.ActiveCfg = Debug|Any CPU
		{5A571278-BD3E-40D4-92AF-E41FD5EF5E0C}.Debug|Any CPU.Build.0 = Debug|Any CPU
		{5A571278-BD3E-40D4-92AF-E41FD5EF5E0C}.Debug|x64.ActiveCfg = Debug|x64
		{5A571278-BD3E-40D4-92AF-E41FD5EF5E0C}.Debug|x64.Build.0 = Debug|x64
		{5A571278-BD3E-40D4-92AF-E41FD5EF5E0C}.Release|Any CPU.ActiveCfg = Release|Any CPU
		{5A571278-BD3E-40D4-92AF-E41FD5EF5E0C}.Release|Any CPU.Build.0 = Release|Any CPU
		{5A571278-BD3E-40D4-92AF-E41FD5EF5E0C}.Release|x64.ActiveCfg = Release|x64
		{5A571278-BD3E-40D4-92AF-E41FD5EF5E0C}.Release|x64.Build.0 = Release|x64
		{5B978072-3776-4B21-97C6-E2D7EE0AE369}.Debug|Any CPU.ActiveCfg = Debug|Any CPU
		{5B978072-3776-4B21-97C6-E2D7EE0AE369}.Debug|Any CPU.Build.0 = Debug|Any CPU
		{5B978072-3776-4B21-97C6-E2D7EE0AE369}.Debug|x64.ActiveCfg = Debug|x64
		{5B978072-3776-4B21-97C6-E2D7EE0AE369}.Debug|x64.Build.0 = Debug|x64
		{5B978072-3776-4B21-97C6-E2D7EE0AE369}.Release|Any CPU.ActiveCfg = Release|Any CPU
		{5B978072-3776-4B21-97C6-E2D7EE0AE369}.Release|Any CPU.Build.0 = Release|Any CPU
		{5B978072-3776-4B21-97C6-E2D7EE0AE369}.Release|x64.ActiveCfg = Release|x64
		{5B978072-3776-4B21-97C6-E2D7EE0AE369}.Release|x64.Build.0 = Release|x64
		{0B6D0A11-071B-43D1-8586-A72A920B4BA3}.Debug|Any CPU.ActiveCfg = Debug|Any CPU
		{0B6D0A11-071B-43D1-8586-A72A920B4BA3}.Debug|Any CPU.Build.0 = Debug|Any CPU
		{0B6D0A11-071B-43D1-8586-A72A920B4BA3}.Debug|x64.ActiveCfg = Debug|x64
		{0B6D0A11-071B-43D1-8586-A72A920B4BA3}.Debug|x64.Build.0 = Debug|x64
		{0B6D0A11-071B-43D1-8586-A72A920B4BA3}.Release|Any CPU.ActiveCfg = Release|Any CPU
		{0B6D0A11-071B-43D1-8586-A72A920B4BA3}.Release|Any CPU.Build.0 = Release|Any CPU
		{0B6D0A11-071B-43D1-8586-A72A920B4BA3}.Release|x64.ActiveCfg = Release|x64
		{0B6D0A11-071B-43D1-8586-A72A920B4BA3}.Release|x64.Build.0 = Release|x64
		{03D81287-64DE-4B3C-9417-6FEFAE707D0F}.Debug|Any CPU.ActiveCfg = Debug|Any CPU
		{03D81287-64DE-4B3C-9417-6FEFAE707D0F}.Debug|Any CPU.Build.0 = Debug|Any CPU
		{03D81287-64DE-4B3C-9417-6FEFAE707D0F}.Debug|x64.ActiveCfg = Debug|x64
		{03D81287-64DE-4B3C-9417-6FEFAE707D0F}.Debug|x64.Build.0 = Debug|x64
		{03D81287-64DE-4B3C-9417-6FEFAE707D0F}.Release|Any CPU.ActiveCfg = Release|Any CPU
		{03D81287-64DE-4B3C-9417-6FEFAE707D0F}.Release|Any CPU.Build.0 = Release|Any CPU
		{03D81287-64DE-4B3C-9417-6FEFAE707D0F}.Release|x64.ActiveCfg = Release|x64
		{03D81287-64DE-4B3C-9417-6FEFAE707D0F}.Release|x64.Build.0 = Release|x64
		{C1AA3604-3D2C-4989-B2E2-469353C0D37F}.Debug|Any CPU.ActiveCfg = Debug|Any CPU
		{C1AA3604-3D2C-4989-B2E2-469353C0D37F}.Debug|Any CPU.Build.0 = Debug|Any CPU
		{C1AA3604-3D2C-4989-B2E2-469353C0D37F}.Debug|x64.ActiveCfg = Debug|Any CPU
		{C1AA3604-3D2C-4989-B2E2-469353C0D37F}.Debug|x64.Build.0 = Debug|Any CPU
		{C1AA3604-3D2C-4989-B2E2-469353C0D37F}.Release|Any CPU.ActiveCfg = Release|Any CPU
		{C1AA3604-3D2C-4989-B2E2-469353C0D37F}.Release|Any CPU.Build.0 = Release|Any CPU
		{C1AA3604-3D2C-4989-B2E2-469353C0D37F}.Release|x64.ActiveCfg = Release|Any CPU
	EndGlobalSection
	GlobalSection(SolutionProperties) = preSolution
		HideSolutionNode = FALSE
	EndGlobalSection
EndGlobal
